dependencies:
- name: http-time
  repository: file://../http-time
  version: 0.1.0
- name: adminer
  repository: file://../adminer
  version: 0.2.1
- name: code-server
  repository: file://../code-server
  version: 0.1.0
- name: portainer-overlay
  repository: file://../portainer-overlay
  version: 0.1.0
digest: sha256:5be5a6a2defe59cdd6518464e009bcbe4934ae966ce3f09130a24e1a3182de83
generated: "2025-02-12T10:27:51.685079953+01:00"
