dependencies:
- name: informations
  repository: file://../informations
  version: 0.1.0
- name: dev-js
  repository: file://../dev-js
  version: 0.1.0
- name: dev-php
  repository: file://../dev-php
  version: 0.1.0
- name: php-blue-green
  repository: file://../php-blue-green
  version: 0.1.0
digest: sha256:0680fba42471a30f21d3386a5aed25618c6f3e287ac7fb0ff68dce3161bb7152
generated: "2025-02-09T08:53:33.246929359+01:00"
