dependencies:
- name: informations
  repository: file://../informations
  version: 0.1.0
- name: dev-js
  repository: file://../dev-js
  version: 0.1.0
- name: php-blue-green
  repository: file://../php-blue-green
  version: 0.1.0
digest: sha256:cb46f88edfe71d03ea7bbd738f037d233283744c65ae751739ab9a007a8e0000
generated: "2025-02-09T07:51:39.746762963+01:00"
